
Microsoft Visual Studio Solution File, Format Version 12.00
# Visual Studio Version 17
VisualStudioVersion = 17.14.36327.8 d17.14
MinimumVisualStudioVersion = 10.0.40219.1
Project("{FAE04EC0-301F-11D3-BF4B-00C04F79EFBC}") = "Api.JOB", "JOB Portal\Api.JOB.csproj", "{84D61A80-70BC-435D-8C5E-CD9ABECF4419}"
EndProject
Project("{2150E333-8FDC-42A3-9474-1A3956D46DE8}") = "backend", "backend", "{02EA681E-C7D8-13C7-8484-4AC65E1B71E8}"
EndProject
Project("{2150E333-8FDC-42A3-9474-1A3956D46DE8}") = "UI", "UI", "{8E48F5C2-3BE3-45D2-9ED5-5B7BDB504E29}"
EndProject
Project("{FAE04EC0-301F-11D3-BF4B-00C04F79EFBC}") = "Application.JOB", "Application.JOB\Application.JOB.csproj", "{F1DF8110-A2C4-4CFB-8154-8B7FAD5F77EC}"
EndProject
Project("{FAE04EC0-301F-11D3-BF4B-00C04F79EFBC}") = "Infrastructure.JOB", "Infrastructure.JOB\Infrastructure.JOB.csproj", "{7D161CF6-F266-4193-AF75-C06A649E433D}"
EndProject
Project("{FAE04EC0-301F-11D3-BF4B-00C04F79EFBC}") = "Domain.JOB", "Domain.JOB\Domain.JOB.csproj", "{9CAFF17C-28F4-4F71-8286-ADA2D41B557C}"
EndProject
Project("{FAE04EC0-301F-11D3-BF4B-00C04F79EFBC}") = "Shared", "Shared\Shared.csproj", "{4246F6B7-AE64-49FE-8FE9-317B5827FE1C}"
EndProject
Global
	GlobalSection(SolutionConfigurationPlatforms) = preSolution
		Debug|Any CPU = Debug|Any CPU
		Release|Any CPU = Release|Any CPU
	EndGlobalSection
	GlobalSection(ProjectConfigurationPlatforms) = postSolution
		{84D61A80-70BC-435D-8C5E-CD9ABECF4419}.Debug|Any CPU.ActiveCfg = Debug|Any CPU
		{84D61A80-70BC-435D-8C5E-CD9ABECF4419}.Debug|Any CPU.Build.0 = Debug|Any CPU
		{84D61A80-70BC-435D-8C5E-CD9ABECF4419}.Release|Any CPU.ActiveCfg = Release|Any CPU
		{84D61A80-70BC-435D-8C5E-CD9ABECF4419}.Release|Any CPU.Build.0 = Release|Any CPU
		{F1DF8110-A2C4-4CFB-8154-8B7FAD5F77EC}.Debug|Any CPU.ActiveCfg = Debug|Any CPU
		{F1DF8110-A2C4-4CFB-8154-8B7FAD5F77EC}.Debug|Any CPU.Build.0 = Debug|Any CPU
		{F1DF8110-A2C4-4CFB-8154-8B7FAD5F77EC}.Release|Any CPU.ActiveCfg = Release|Any CPU
		{F1DF8110-A2C4-4CFB-8154-8B7FAD5F77EC}.Release|Any CPU.Build.0 = Release|Any CPU
		{7D161CF6-F266-4193-AF75-C06A649E433D}.Debug|Any CPU.ActiveCfg = Debug|Any CPU
		{7D161CF6-F266-4193-AF75-C06A649E433D}.Debug|Any CPU.Build.0 = Debug|Any CPU
		{7D161CF6-F266-4193-AF75-C06A649E433D}.Release|Any CPU.ActiveCfg = Release|Any CPU
		{7D161CF6-F266-4193-AF75-C06A649E433D}.Release|Any CPU.Build.0 = Release|Any CPU
		{9CAFF17C-28F4-4F71-8286-ADA2D41B557C}.Debug|Any CPU.ActiveCfg = Debug|Any CPU
		{9CAFF17C-28F4-4F71-8286-ADA2D41B557C}.Debug|Any CPU.Build.0 = Debug|Any CPU
		{9CAFF17C-28F4-4F71-8286-ADA2D41B557C}.Release|Any CPU.ActiveCfg = Release|Any CPU
		{9CAFF17C-28F4-4F71-8286-ADA2D41B557C}.Release|Any CPU.Build.0 = Release|Any CPU
		{4246F6B7-AE64-49FE-8FE9-317B5827FE1C}.Debug|Any CPU.ActiveCfg = Debug|Any CPU
		{4246F6B7-AE64-49FE-8FE9-317B5827FE1C}.Debug|Any CPU.Build.0 = Debug|Any CPU
		{4246F6B7-AE64-49FE-8FE9-317B5827FE1C}.Release|Any CPU.ActiveCfg = Release|Any CPU
		{4246F6B7-AE64-49FE-8FE9-317B5827FE1C}.Release|Any CPU.Build.0 = Release|Any CPU
	EndGlobalSection
	GlobalSection(SolutionProperties) = preSolution
		HideSolutionNode = FALSE
	EndGlobalSection
	GlobalSection(NestedProjects) = preSolution
		{84D61A80-70BC-435D-8C5E-CD9ABECF4419} = {02EA681E-C7D8-13C7-8484-4AC65E1B71E8}
		{F1DF8110-A2C4-4CFB-8154-8B7FAD5F77EC} = {02EA681E-C7D8-13C7-8484-4AC65E1B71E8}
		{7D161CF6-F266-4193-AF75-C06A649E433D} = {02EA681E-C7D8-13C7-8484-4AC65E1B71E8}
		{9CAFF17C-28F4-4F71-8286-ADA2D41B557C} = {02EA681E-C7D8-13C7-8484-4AC65E1B71E8}
		{4246F6B7-AE64-49FE-8FE9-317B5827FE1C} = {02EA681E-C7D8-13C7-8484-4AC65E1B71E8}
	EndGlobalSection
	GlobalSection(ExtensibilityGlobals) = postSolution
		SolutionGuid = {7E39E394-F29E-46E1-82B9-28CDB9AA3915}
	EndGlobalSection
EndGlobal
